// !$*UTF8*$!
{
	archiveVersion = 1;
	classes = {
	};
	objectVersion = 52;
	objects = {

/* Begin PBXBuildFile section */
		361BA01F29C2D9DC000FCB2D /* SDWebImage in Frameworks */ = {isa = PBXBuildFile; productRef = 361BA01E29C2D9DC000FCB2D /* SDWebImage */; };
		364908E629C1B5210002B5F4 /* AppDelegate.swift in Sources */ = {isa = PBXBuildFile; fileRef = 364908E529C1B5210002B5F4 /* AppDelegate.swift */; };
		364908E829C1B5210002B5F4 /* SceneDelegate.swift in Sources */ = {isa = PBXBuildFile; fileRef = 364908E729C1B5210002B5F4 /* SceneDelegate.swift */; };
		364908EA29C1B5210002B5F4 /* ViewController.swift in Sources */ = {isa = PBXBuildFile; fileRef = 364908E929C1B5210002B5F4 /* ViewController.swift */; };
		364908ED29C1B5210002B5F4 /* Main.storyboard in Resources */ = {isa = PBXBuildFile; fileRef = 364908EB29C1B5210002B5F4 /* Main.storyboard */; };
		364908EF29C1B5260002B5F4 /* Assets.xcassets in Resources */ = {isa = PBXBuildFile; fileRef = 364908EE29C1B5260002B5F4 /* Assets.xcassets */; };
		364908F229C1B5260002B5F4 /* LaunchScreen.storyboard in Resources */ = {isa = PBXBuildFile; fileRef = 364908F029C1B5260002B5F4 /* LaunchScreen.storyboard */; };
		3649091A29C1B6070002B5F4 /* PokemonApi.swift in Sources */ = {isa = PBXBuildFile; fileRef = 3649091929C1B6070002B5F4 /* PokemonApi.swift */; };
		3649091C29C1B6CD0002B5F4 /* PokemonViewModel.swift in Sources */ = {isa = PBXBuildFile; fileRef = 3649091B29C1B6CD0002B5F4 /* PokemonViewModel.swift */; };
		3649091F29C1B8C00002B5F4 /* ApiService.swift in Sources */ = {isa = PBXBuildFile; fileRef = 3649091E29C1B8C00002B5F4 /* ApiService.swift */; };
		3649092329C1C3C60002B5F4 /* PokemonCollectionViewCell.swift in Sources */ = {isa = PBXBuildFile; fileRef = 3649092129C1C3C60002B5F4 /* PokemonCollectionViewCell.swift */; };
		3649092429C1C3C60002B5F4 /* PokemonCollectionViewCell.xib in Resources */ = {isa = PBXBuildFile; fileRef = 3649092229C1C3C60002B5F4 /* PokemonCollectionViewCell.xib */; };
/* End PBXBuildFile section */

/* Begin PBXContainerItemProxy section */
		364908F929C1B5260002B5F4 /* PBXContainerItemProxy */ = {
			isa = PBXContainerItemProxy;
			containerPortal = 364908DA29C1B5210002B5F4 /* Project object */;
			proxyType = 1;
			remoteGlobalIDString = 364908E129C1B5210002B5F4;
			remoteInfo = PokemonTestAPI;
		};
		3649090429C1B5260002B5F4 /* PBXContainerItemProxy */ = {
			isa = PBXContainerItemProxy;
			containerPortal = 364908DA29C1B5210002B5F4 /* Project object */;
			proxyType = 1;
			remoteGlobalIDString = 364908E129C1B5210002B5F4;
			remoteInfo = PokemonTestAPI;
		};
/* End PBXContainerItemProxy section */

/* Begin PBXFileReference section */
		364908E229C1B5210002B5F4 /* PokemonTestAPI.app */ = {isa = PBXFileReference; explicitFileType = wrapper.application; includeInIndex = 0; path = PokemonTestAPI.app; sourceTree = BUILT_PRODUCTS_DIR; };
		364908E529C1B5210002B5F4 /* AppDelegate.swift */ = {isa = PBXFileReference; lastKnownFileType = sourcecode.swift; path = AppDelegate.swift; sourceTree = "<group>"; };
		364908E729C1B5210002B5F4 /* SceneDelegate.swift */ = {isa = PBXFileReference; lastKnownFileType = sourcecode.swift; path = SceneDelegate.swift; sourceTree = "<group>"; };
		364908E929C1B5210002B5F4 /* ViewController.swift */ = {isa = PBXFileReference; lastKnownFileType = sourcecode.swift; path = ViewController.swift; sourceTree = "<group>"; };
		364908EC29C1B5210002B5F4 /* Base */ = {isa = PBXFileReference; lastKnownFileType = file.storyboard; name = Base; path = Base.lproj/Main.storyboard; sourceTree = "<group>"; };
		364908EE29C1B5260002B5F4 /* Assets.xcassets */ = {isa = PBXFileReference; lastKnownFileType = folder.assetcatalog; path = Assets.xcassets; sourceTree = "<group>"; };
		364908F129C1B5260002B5F4 /* Base */ = {isa = PBXFileReference; lastKnownFileType = file.storyboard; name = Base; path = Base.lproj/LaunchScreen.storyboard; sourceTree = "<group>"; };
		364908F329C1B5260002B5F4 /* Info.plist */ = {isa = PBXFileReference; lastKnownFileType = text.plist.xml; path = Info.plist; sourceTree = "<group>"; };
		364908F829C1B5260002B5F4 /* PokemonTestAPITests.xctest */ = {isa = PBXFileReference; explicitFileType = wrapper.cfbundle; includeInIndex = 0; path = PokemonTestAPITests.xctest; sourceTree = BUILT_PRODUCTS_DIR; };
		3649090329C1B5260002B5F4 /* PokemonTestAPIUITests.xctest */ = {isa = PBXFileReference; explicitFileType = wrapper.cfbundle; includeInIndex = 0; path = PokemonTestAPIUITests.xctest; sourceTree = BUILT_PRODUCTS_DIR; };
		3649091929C1B6070002B5F4 /* PokemonApi.swift */ = {isa = PBXFileReference; lastKnownFileType = sourcecode.swift; path = PokemonApi.swift; sourceTree = "<group>"; };
		3649091B29C1B6CD0002B5F4 /* PokemonViewModel.swift */ = {isa = PBXFileReference; lastKnownFileType = sourcecode.swift; path = PokemonViewModel.swift; sourceTree = "<group>"; };
		3649091E29C1B8C00002B5F4 /* ApiService.swift */ = {isa = PBXFileReference; lastKnownFileType = sourcecode.swift; path = ApiService.swift; sourceTree = "<group>"; };
		3649092129C1C3C60002B5F4 /* PokemonCollectionViewCell.swift */ = {isa = PBXFileReference; lastKnownFileType = sourcecode.swift; path = PokemonCollectionViewCell.swift; sourceTree = "<group>"; };
		3649092229C1C3C60002B5F4 /* PokemonCollectionViewCell.xib */ = {isa = PBXFileReference; lastKnownFileType = file.xib; path = PokemonCollectionViewCell.xib; sourceTree = "<group>"; };
/* End PBXFileReference section */

/* Begin PBXFrameworksBuildPhase section */
		364908DF29C1B5210002B5F4 /* Frameworks */ = {
			isa = PBXFrameworksBuildPhase;
			buildActionMask = 2147483647;
			files = (
				361BA01F29C2D9DC000FCB2D /* SDWebImage in Frameworks */,
			);
			runOnlyForDeploymentPostprocessing = 0;
		};
		364908F529C1B5260002B5F4 /* Frameworks */ = {
			isa = PBXFrameworksBuildPhase;
			buildActionMask = 2147483647;
			files = (
			);
			runOnlyForDeploymentPostprocessing = 0;
		};
		3649090029C1B5260002B5F4 /* Frameworks */ = {
			isa = PBXFrameworksBuildPhase;
			buildActionMask = 2147483647;
			files = (
			);
			runOnlyForDeploymentPostprocessing = 0;
		};
/* End PBXFrameworksBuildPhase section */

/* Begin PBXGroup section */
		364908D929C1B5210002B5F4 = {
			isa = PBXGroup;
			children = (
				364908E429C1B5210002B5F4 /* PokemonTestAPI */,
				364908E329C1B5210002B5F4 /* Products */,
			);
			sourceTree = "<group>";
		};
		364908E329C1B5210002B5F4 /* Products */ = {
			isa = PBXGroup;
			children = (
				364908E229C1B5210002B5F4 /* PokemonTestAPI.app */,
				364908F829C1B5260002B5F4 /* PokemonTestAPITests.xctest */,
				3649090329C1B5260002B5F4 /* PokemonTestAPIUITests.xctest */,
			);
			name = Products;
			sourceTree = "<group>";
		};
		364908E429C1B5210002B5F4 /* PokemonTestAPI */ = {
			isa = PBXGroup;
			children = (
				3649092029C1BF9E0002B5F4 /* POKEMON_COLLECTON_CELL */,
				3649091D29C1B8920002B5F4 /* NETWORKING */,
				3649091729C1B54B0002B5F4 /* VIEW_MODEL */,
				3649091629C1B5420002B5F4 /* VIEW_CONTROLLER */,
				3649091529C1B52D0002B5F4 /* MODEL */,
				364908E529C1B5210002B5F4 /* AppDelegate.swift */,
				364908E729C1B5210002B5F4 /* SceneDelegate.swift */,
				364908EB29C1B5210002B5F4 /* Main.storyboard */,
				364908EE29C1B5260002B5F4 /* Assets.xcassets */,
				364908F029C1B5260002B5F4 /* LaunchScreen.storyboard */,
				364908F329C1B5260002B5F4 /* Info.plist */,
			);
			path = PokemonTestAPI;
			sourceTree = "<group>";
		};
		3649091529C1B52D0002B5F4 /* MODEL */ = {
			isa = PBXGroup;
			children = (
				3649091929C1B6070002B5F4 /* PokemonApi.swift */,
			);
			path = MODEL;
			sourceTree = "<group>";
		};
		3649091629C1B5420002B5F4 /* VIEW_CONTROLLER */ = {
			isa = PBXGroup;
			children = (
				364908E929C1B5210002B5F4 /* ViewController.swift */,
			);
			path = VIEW_CONTROLLER;
			sourceTree = "<group>";
		};
		3649091729C1B54B0002B5F4 /* VIEW_MODEL */ = {
			isa = PBXGroup;
			children = (
				3649091B29C1B6CD0002B5F4 /* PokemonViewModel.swift */,
			);
			path = VIEW_MODEL;
			sourceTree = "<group>";
		};
		3649091D29C1B8920002B5F4 /* NETWORKING */ = {
			isa = PBXGroup;
			children = (
				3649091E29C1B8C00002B5F4 /* ApiService.swift */,
			);
			path = NETWORKING;
			sourceTree = "<group>";
		};
		3649092029C1BF9E0002B5F4 /* POKEMON_COLLECTON_CELL */ = {
			isa = PBXGroup;
			children = (
				3649092129C1C3C60002B5F4 /* PokemonCollectionViewCell.swift */,
				3649092229C1C3C60002B5F4 /* PokemonCollectionViewCell.xib */,
			);
			path = POKEMON_COLLECTON_CELL;
			sourceTree = "<group>";
		};
/* End PBXGroup section */

/* Begin PBXNativeTarget section */
		364908E129C1B5210002B5F4 /* PokemonTestAPI */ = {
			isa = PBXNativeTarget;
			buildConfigurationList = 3649090C29C1B5260002B5F4 /* Build configuration list for PBXNativeTarget "PokemonTestAPI" */;
			buildPhases = (
				364908DE29C1B5210002B5F4 /* Sources */,
				364908DF29C1B5210002B5F4 /* Frameworks */,
				364908E029C1B5210002B5F4 /* Resources */,
			);
			buildRules = (
			);
			dependencies = (
			);
			name = PokemonTestAPI;
			packageProductDependencies = (
				361BA01E29C2D9DC000FCB2D /* SDWebImage */,
			);
			productName = PokemonTestAPI;
			productReference = 364908E229C1B5210002B5F4 /* PokemonTestAPI.app */;
			productType = "com.apple.product-type.application";
		};
		364908F729C1B5260002B5F4 /* PokemonTestAPITests */ = {
			isa = PBXNativeTarget;
			buildConfigurationList = 3649090F29C1B5260002B5F4 /* Build configuration list for PBXNativeTarget "PokemonTestAPITests" */;
			buildPhases = (
				364908F429C1B5260002B5F4 /* Sources */,
				364908F529C1B5260002B5F4 /* Frameworks */,
				364908F629C1B5260002B5F4 /* Resources */,
			);
			buildRules = (
			);
			dependencies = (
				364908FA29C1B5260002B5F4 /* PBXTargetDependency */,
			);
			name = PokemonTestAPITests;
			productName = PokemonTestAPITests;
			productReference = 364908F829C1B5260002B5F4 /* PokemonTestAPITests.xctest */;
			productType = "com.apple.product-type.bundle.unit-test";
		};
		3649090229C1B5260002B5F4 /* PokemonTestAPIUITests */ = {
			isa = PBXNativeTarget;
			buildConfigurationList = 3649091229C1B5260002B5F4 /* Build configuration list for PBXNativeTarget "PokemonTestAPIUITests" */;
			buildPhases = (
				364908FF29C1B5260002B5F4 /* Sources */,
				3649090029C1B5260002B5F4 /* Frameworks */,
				3649090129C1B5260002B5F4 /* Resources */,
			);
			buildRules = (
			);
			dependencies = (
				3649090529C1B5260002B5F4 /* PBXTargetDependency */,
			);
			name = PokemonTestAPIUITests;
			productName = PokemonTestAPIUITests;
			productReference = 3649090329C1B5260002B5F4 /* PokemonTestAPIUITests.xctest */;
			productType = "com.apple.product-type.bundle.ui-testing";
		};
/* End PBXNativeTarget section */

/* Begin PBXProject section */
		364908DA29C1B5210002B5F4 /* Project object */ = {
			isa = PBXProject;
			attributes = {
				LastSwiftUpdateCheck = 1250;
				LastUpgradeCheck = 1250;
				TargetAttributes = {
					364908E129C1B5210002B5F4 = {
						CreatedOnToolsVersion = 12.5.1;
					};
					364908F729C1B5260002B5F4 = {
						CreatedOnToolsVersion = 12.5.1;
						TestTargetID = 364908E129C1B5210002B5F4;
					};
					3649090229C1B5260002B5F4 = {
						CreatedOnToolsVersion = 12.5.1;
						TestTargetID = 364908E129C1B5210002B5F4;
					};
				};
			};
			buildConfigurationList = 364908DD29C1B5210002B5F4 /* Build configuration list for PBXProject "PokemonTestAPI" */;
			compatibilityVersion = "Xcode 9.3";
			developmentRegion = en;
			hasScannedForEncodings = 0;
			knownRegions = (
				en,
				Base,
			);
			mainGroup = 364908D929C1B5210002B5F4;
			packageReferences = (
				361BA01D29C2D9DC000FCB2D /* XCRemoteSwiftPackageReference "SDWebImage" */,
			);
			productRefGroup = 364908E329C1B5210002B5F4 /* Products */;
			projectDirPath = "";
			projectRoot = "";
			targets = (
				364908E129C1B5210002B5F4 /* PokemonTestAPI */,
				364908F729C1B5260002B5F4 /* PokemonTestAPITests */,
				3649090229C1B5260002B5F4 /* PokemonTestAPIUITests */,
			);
		};
/* End PBXProject section */

/* Begin PBXResourcesBuildPhase section */
		364908E029C1B5210002B5F4 /* Resources */ = {
			isa = PBXResourcesBuildPhase;
			buildActionMask = 2147483647;
			files = (
				364908F229C1B5260002B5F4 /* LaunchScreen.storyboard in Resources */,
				364908EF29C1B5260002B5F4 /* Assets.xcassets in Resources */,
				3649092429C1C3C60002B5F4 /* PokemonCollectionViewCell.xib in Resources */,
				364908ED29C1B5210002B5F4 /* Main.storyboard in Resources */,
			);
			runOnlyForDeploymentPostprocessing = 0;
		};
		364908F629C1B5260002B5F4 /* Resources */ = {
			isa = PBXResourcesBuildPhase;
			buildActionMask = 2147483647;
			files = (
			);
			runOnlyForDeploymentPostprocessing = 0;
		};
		3649090129C1B5260002B5F4 /* Resources */ = {
			isa = PBXResourcesBuildPhase;
			buildActionMask = 2147483647;
			files = (
			);
			runOnlyForDeploymentPostprocessing = 0;
		};
/* End PBXResourcesBuildPhase section */

/* Begin PBXSourcesBuildPhase section */
		364908DE29C1B5210002B5F4 /* Sources */ = {
			isa = PBXSourcesBuildPhase;
			buildActionMask = 2147483647;
			files = (
				364908EA29C1B5210002B5F4 /* ViewController.swift in Sources */,
				3649091C29C1B6CD0002B5F4 /* PokemonViewModel.swift in Sources */,
				3649091F29C1B8C00002B5F4 /* ApiService.swift in Sources */,
				3649092329C1C3C60002B5F4 /* PokemonCollectionViewCell.swift in Sources */,
				364908E629C1B5210002B5F4 /* AppDelegate.swift in Sources */,
				3649091A29C1B6070002B5F4 /* PokemonApi.swift in Sources */,
				364908E829C1B5210002B5F4 /* SceneDelegate.swift in Sources */,
			);
			runOnlyForDeploymentPostprocessing = 0;
		};
		364908F429C1B5260002B5F4 /* Sources */ = {
			isa = PBXSourcesBuildPhase;
			buildActionMask = 2147483647;
			files = (
			);
			runOnlyForDeploymentPostprocessing = 0;
		};
		364908FF29C1B5260002B5F4 /* Sources */ = {
			isa = PBXSourcesBuildPhase;
			buildActionMask = 2147483647;
			files = (
			);
			runOnlyForDeploymentPostprocessing = 0;
		};
/* End PBXSourcesBuildPhase section */

/* Begin PBXTargetDependency section */
		364908FA29C1B5260002B5F4 /* PBXTargetDependency */ = {
			isa = PBXTargetDependency;
			target = 364908E129C1B5210002B5F4 /* PokemonTestAPI */;
			targetProxy = 364908F929C1B5260002B5F4 /* PBXContainerItemProxy */;
		};
		3649090529C1B5260002B5F4 /* PBXTargetDependency */ = {
			isa = PBXTargetDependency;
			target = 364908E129C1B5210002B5F4 /* PokemonTestAPI */;
			targetProxy = 3649090429C1B5260002B5F4 /* PBXContainerItemProxy */;
		};
/* End PBXTargetDependency section */

/* Begin PBXVariantGroup section */
		364908EB29C1B5210002B5F4 /* Main.storyboard */ = {
			isa = PBXVariantGroup;
			children = (
				364908EC29C1B5210002B5F4 /* Base */,
			);
			name = Main.storyboard;
			sourceTree = "<group>";
		};
		364908F029C1B5260002B5F4 /* LaunchScreen.storyboard */ = {
			isa = PBXVariantGroup;
			children = (
				364908F129C1B5260002B5F4 /* Base */,
			);
			name = LaunchScreen.storyboard;
			sourceTree = "<group>";
		};
/* End PBXVariantGroup section */

/* Begin XCBuildConfiguration section */
		3649090A29C1B5260002B5F4 /* Debug */ = {
			isa = XCBuildConfiguration;
			buildSettings = {
				ALWAYS_SEARCH_USER_PATHS = NO;
				CLANG_ANALYZER_NONNULL = YES;
				CLANG_ANALYZER_NUMBER_OBJECT_CONVERSION = YES_AGGRESSIVE;
				CLANG_CXX_LANGUAGE_STANDARD = "gnu++14";
				CLANG_CXX_LIBRARY = "libc++";
				CLANG_ENABLE_MODULES = YES;
				CLANG_ENABLE_OBJC_ARC = YES;
				CLANG_ENABLE_OBJC_WEAK = YES;
				CLANG_WARN_BLOCK_CAPTURE_AUTORELEASING = YES;
				CLANG_WARN_BOOL_CONVERSION = YES;
				CLANG_WARN_COMMA = YES;
				CLANG_WARN_CONSTANT_CONVERSION = YES;
				CLANG_WARN_DEPRECATED_OBJC_IMPLEMENTATIONS = YES;
				CLANG_WARN_DIRECT_OBJC_ISA_USAGE = YES_ERROR;
				CLANG_WARN_DOCUMENTATION_COMMENTS = YES;
				CLANG_WARN_EMPTY_BODY = YES;
				CLANG_WARN_ENUM_CONVERSION = YES;
				CLANG_WARN_INFINITE_RECURSION = YES;
				CLANG_WARN_INT_CONVERSION = YES;
				CLANG_WARN_NON_LITERAL_NULL_CONVERSION = YES;
				CLANG_WARN_OBJC_IMPLICIT_RETAIN_SELF = YES;
				CLANG_WARN_OBJC_LITERAL_CONVERSION = YES;
				CLANG_WARN_OBJC_ROOT_CLASS = YES_ERROR;
				CLANG_WARN_QUOTED_INCLUDE_IN_FRAMEWORK_HEADER = YES;
				CLANG_WARN_RANGE_LOOP_ANALYSIS = YES;
				CLANG_WARN_STRICT_PROTOTYPES = YES;
				CLANG_WARN_SUSPICIOUS_MOVE = YES;
				CLANG_WARN_UNGUARDED_AVAILABILITY = YES_AGGRESSIVE;
				CLANG_WARN_UNREACHABLE_CODE = YES;
				CLANG_WARN__DUPLICATE_METHOD_MATCH = YES;
				COPY_PHASE_STRIP = NO;
				DEBUG_INFORMATION_FORMAT = dwarf;
				ENABLE_STRICT_OBJC_MSGSEND = YES;
				ENABLE_TESTABILITY = YES;
				GCC_C_LANGUAGE_STANDARD = gnu11;
				GCC_DYNAMIC_NO_PIC = NO;
				GCC_NO_COMMON_BLOCKS = YES;
				GCC_OPTIMIZATION_LEVEL = 0;
				GCC_PREPROCESSOR_DEFINITIONS = (
					"DEBUG=1",
					"$(inherited)",
				);
				GCC_WARN_64_TO_32_BIT_CONVERSION = YES;
				GCC_WARN_ABOUT_RETURN_TYPE = YES_ERROR;
				GCC_WARN_UNDECLARED_SELECTOR = YES;
				GCC_WARN_UNINITIALIZED_AUTOS = YES_AGGRESSIVE;
				GCC_WARN_UNUSED_FUNCTION = YES;
				GCC_WARN_UNUSED_VARIABLE = YES;
				IPHONEOS_DEPLOYMENT_TARGET = 14.5;
				MTL_ENABLE_DEBUG_INFO = INCLUDE_SOURCE;
				MTL_FAST_MATH = YES;
				ONLY_ACTIVE_ARCH = YES;
				SDKROOT = iphoneos;
				SWIFT_ACTIVE_COMPILATION_CONDITIONS = DEBUG;
				SWIFT_OPTIMIZATION_LEVEL = "-Onone";
			};
			name = Debug;
		};
		3649090B29C1B5260002B5F4 /* Release */ = {
			isa = XCBuildConfiguration;
			buildSettings = {
				ALWAYS_SEARCH_USER_PATHS = NO;
				CLANG_ANALYZER_NONNULL = YES;
				CLANG_ANALYZER_NUMBER_OBJECT_CONVERSION = YES_AGGRESSIVE;
				CLANG_CXX_LANGUAGE_STANDARD = "gnu++14";
				CLANG_CXX_LIBRARY = "libc++";
				CLANG_ENABLE_MODULES = YES;
				CLANG_ENABLE_OBJC_ARC = YES;
				CLANG_ENABLE_OBJC_WEAK = YES;
				CLANG_WARN_BLOCK_CAPTURE_AUTORELEASING = YES;
				CLANG_WARN_BOOL_CONVERSION = YES;
				CLANG_WARN_COMMA = YES;
				CLANG_WARN_CONSTANT_CONVERSION = YES;
				CLANG_WARN_DEPRECATED_OBJC_IMPLEMENTATIONS = YES;
				CLANG_WARN_DIRECT_OBJC_ISA_USAGE = YES_ERROR;
				CLANG_WARN_DOCUMENTATION_COMMENTS = YES;
				CLANG_WARN_EMPTY_BODY = YES;
				CLANG_WARN_ENUM_CONVERSION = YES;
				CLANG_WARN_INFINITE_RECURSION = YES;
				CLANG_WARN_INT_CONVERSION = YES;
				CLANG_WARN_NON_LITERAL_NULL_CONVERSION = YES;
				CLANG_WARN_OBJC_IMPLICIT_RETAIN_SELF = YES;
				CLANG_WARN_OBJC_LITERAL_CONVERSION = YES;
				CLANG_WARN_OBJC_ROOT_CLASS = YES_ERROR;
				CLANG_WARN_QUOTED_INCLUDE_IN_FRAMEWORK_HEADER = YES;
				CLANG_WARN_RANGE_LOOP_ANALYSIS = YES;
				CLANG_WARN_STRICT_PROTOTYPES = YES;
				CLANG_WARN_SUSPICIOUS_MOVE = YES;
				CLANG_WARN_UNGUARDED_AVAILABILITY = YES_AGGRESSIVE;
				CLANG_WARN_UNREACHABLE_CODE = YES;
				CLANG_WARN__DUPLICATE_METHOD_MATCH = YES;
				COPY_PHASE_STRIP = NO;
				DEBUG_INFORMATION_FORMAT = "dwarf-with-dsym";
				ENABLE_NS_ASSERTIONS = NO;
				ENABLE_STRICT_OBJC_MSGSEND = YES;
				GCC_C_LANGUAGE_STANDARD = gnu11;
				GCC_NO_COMMON_BLOCKS = YES;
				GCC_WARN_64_TO_32_BIT_CONVERSION = YES;
				GCC_WARN_ABOUT_RETURN_TYPE = YES_ERROR;
				GCC_WARN_UNDECLARED_SELECTOR = YES;
				GCC_WARN_UNINITIALIZED_AUTOS = YES_AGGRESSIVE;
				GCC_WARN_UNUSED_FUNCTION = YES;
				GCC_WARN_UNUSED_VARIABLE = YES;
				IPHONEOS_DEPLOYMENT_TARGET = 14.5;
				MTL_ENABLE_DEBUG_INFO = NO;
				MTL_FAST_MATH = YES;
				SDKROOT = iphoneos;
				SWIFT_COMPILATION_MODE = wholemodule;
				SWIFT_OPTIMIZATION_LEVEL = "-O";
				VALIDATE_PRODUCT = YES;
			};
			name = Release;
		};
		3649090D29C1B5260002B5F4 /* Debug */ = {
			isa = XCBuildConfiguration;
			buildSettings = {
				ASSETCATALOG_COMPILER_APPICON_NAME = AppIcon;
				ASSETCATALOG_COMPILER_GLOBAL_ACCENT_COLOR_NAME = AccentColor;
				CODE_SIGN_STYLE = Automatic;
				INFOPLIST_FILE = PokemonTestAPI/Info.plist;
				LD_RUNPATH_SEARCH_PATHS = (
					"$(inherited)",
					"@executable_path/Frameworks",
				);
				PRODUCT_BUNDLE_IDENTIFIER = productList.PokemonTestAPI;
				PRODUCT_NAME = "$(TARGET_NAME)";
				SWIFT_VERSION = 5.0;
				TARGETED_DEVICE_FAMILY = "1,2";
			};
			name = Debug;
		};
		3649090E29C1B5260002B5F4 /* Release */ = {
			isa = XCBuildConfiguration;
			buildSettings = {
				ASSETCATALOG_COMPILER_APPICON_NAME = AppIcon;
				ASSETCATALOG_COMPILER_GLOBAL_ACCENT_COLOR_NAME = AccentColor;
				CODE_SIGN_STYLE = Automatic;
				INFOPLIST_FILE = PokemonTestAPI/Info.plist;
				LD_RUNPATH_SEARCH_PATHS = (
					"$(inherited)",
					"@executable_path/Frameworks",
				);
				PRODUCT_BUNDLE_IDENTIFIER = productList.PokemonTestAPI;
				PRODUCT_NAME = "$(TARGET_NAME)";
				SWIFT_VERSION = 5.0;
				TARGETED_DEVICE_FAMILY = "1,2";
			};
			name = Release;
		};
		3649091029C1B5260002B5F4 /* Debug */ = {
			isa = XCBuildConfiguration;
			buildSettings = {
				ALWAYS_EMBED_SWIFT_STANDARD_LIBRARIES = YES;
				BUNDLE_LOADER = "$(TEST_HOST)";
				CODE_SIGN_STYLE = Automatic;
				INFOPLIST_FILE = PokemonTestAPITests/Info.plist;
				IPHONEOS_DEPLOYMENT_TARGET = 14.5;
				LD_RUNPATH_SEARCH_PATHS = (
					"$(inherited)",
					"@executable_path/Frameworks",
					"@loader_path/Frameworks",
				);
				PRODUCT_BUNDLE_IDENTIFIER = productList.PokemonTestAPITests;
				PRODUCT_NAME = "$(TARGET_NAME)";
				SWIFT_VERSION = 5.0;
				TARGETED_DEVICE_FAMILY = "1,2";
				TEST_HOST = "$(BUILT_PRODUCTS_DIR)/PokemonTestAPI.app/PokemonTestAPI";
			};
			name = Debug;
		};
		3649091129C1B5260002B5F4 /* Release */ = {
			isa = XCBuildConfiguration;
			buildSettings = {
				ALWAYS_EMBED_SWIFT_STANDARD_LIBRARIES = YES;
				BUNDLE_LOADER = "$(TEST_HOST)";
				CODE_SIGN_STYLE = Automatic;
				INFOPLIST_FILE = PokemonTestAPITests/Info.plist;
				IPHONEOS_DEPLOYMENT_TARGET = 14.5;
				LD_RUNPATH_SEARCH_PATHS = (
					"$(inherited)",
					"@executable_path/Frameworks",
					"@loader_path/Frameworks",
				);
				PRODUCT_BUNDLE_IDENTIFIER = productList.PokemonTestAPITests;
				PRODUCT_NAME = "$(TARGET_NAME)";
				SWIFT_VERSION = 5.0;
				TARGETED_DEVICE_FAMILY = "1,2";
				TEST_HOST = "$(BUILT_PRODUCTS_DIR)/PokemonTestAPI.app/PokemonTestAPI";
			};
			name = Release;
		};
		3649091329C1B5260002B5F4 /* Debug */ = {
			isa = XCBuildConfiguration;
			buildSettings = {
				ALWAYS_EMBED_SWIFT_STANDARD_LIBRARIES = YES;
				CODE_SIGN_STYLE = Automatic;
				INFOPLIST_FILE = PokemonTestAPIUITests/Info.plist;
				LD_RUNPATH_SEARCH_PATHS = (
					"$(inherited)",
					"@executable_path/Frameworks",
					"@loader_path/Frameworks",
				);
				PRODUCT_BUNDLE_IDENTIFIER = productList.PokemonTestAPIUITests;
				PRODUCT_NAME = "$(TARGET_NAME)";
				SWIFT_VERSION = 5.0;
				TARGETED_DEVICE_FAMILY = "1,2";
				TEST_TARGET_NAME = PokemonTestAPI;
			};
			name = Debug;
		};
		3649091429C1B5260002B5F4 /* Release */ = {
			isa = XCBuildConfiguration;
			buildSettings = {
				ALWAYS_EMBED_SWIFT_STANDARD_LIBRARIES = YES;
				CODE_SIGN_STYLE = Automatic;
				INFOPLIST_FILE = PokemonTestAPIUITests/Info.plist;
				LD_RUNPATH_SEARCH_PATHS = (
					"$(inherited)",
					"@executable_path/Frameworks",
					"@loader_path/Frameworks",
				);
				PRODUCT_BUNDLE_IDENTIFIER = productList.PokemonTestAPIUITests;
				PRODUCT_NAME = "$(TARGET_NAME)";
				SWIFT_VERSION = 5.0;
				TARGETED_DEVICE_FAMILY = "1,2";
				TEST_TARGET_NAME = PokemonTestAPI;
			};
			name = Release;
		};
/* End XCBuildConfiguration section */

/* Begin XCConfigurationList section */
		364908DD29C1B5210002B5F4 /* Build configuration list for PBXProject "PokemonTestAPI" */ = {
			isa = XCConfigurationList;
			buildConfigurations = (
				3649090A29C1B5260002B5F4 /* Debug */,
				3649090B29C1B5260002B5F4 /* Release */,
			);
			defaultConfigurationIsVisible = 0;
			defaultConfigurationName = Release;
		};
		3649090C29C1B5260002B5F4 /* Build configuration list for PBXNativeTarget "PokemonTestAPI" */ = {
			isa = XCConfigurationList;
			buildConfigurations = (
				3649090D29C1B5260002B5F4 /* Debug */,
				3649090E29C1B5260002B5F4 /* Release */,
			);
			defaultConfigurationIsVisible = 0;
			defaultConfigurationName = Release;
		};
		3649090F29C1B5260002B5F4 /* Build configuration list for PBXNativeTarget "PokemonTestAPITests" */ = {
			isa = XCConfigurationList;
			buildConfigurations = (
				3649091029C1B5260002B5F4 /* Debug */,
				3649091129C1B5260002B5F4 /* Release */,
			);
			defaultConfigurationIsVisible = 0;
			defaultConfigurationName = Release;
		};
		3649091229C1B5260002B5F4 /* Build configuration list for PBXNativeTarget "PokemonTestAPIUITests" */ = {
			isa = XCConfigurationList;
			buildConfigurations = (
				3649091329C1B5260002B5F4 /* Debug */,
				3649091429C1B5260002B5F4 /* Release */,
			);
			defaultConfigurationIsVisible = 0;
			defaultConfigurationName = Release;
		};
/* End XCConfigurationList section */

/* Begin XCRemoteSwiftPackageReference section */
		361BA01D29C2D9DC000FCB2D /* XCRemoteSwiftPackageReference "SDWebImage" */ = {
			isa = XCRemoteSwiftPackageReference;
			repositoryURL = "https://github.com/SDWebImage/SDWebImage";
			requirement = {
				kind = exactVersion;
				version = 5.11.1;
			};
		};
/* End XCRemoteSwiftPackageReference section */

/* Begin XCSwiftPackageProductDependency section */
		361BA01E29C2D9DC000FCB2D /* SDWebImage */ = {
			isa = XCSwiftPackageProductDependency;
			package = 361BA01D29C2D9DC000FCB2D /* XCRemoteSwiftPackageReference "SDWebImage" */;
			productName = SDWebImage;
		};
/* End XCSwiftPackageProductDependency section */
	};
	rootObject = 364908DA29C1B5210002B5F4 /* Project object */;
}
